// !$*UTF8*$!
{
	archiveVersion = 1;
	classes = {
	};
	objectVersion = 51;
	objects = {

/* Begin PBXBuildFile section */
		468826A813FDD5AFFA19053C /* Pods_DevConfAppUITests.framework in Frameworks */ = {isa = PBXBuildFile; fileRef = 3C340A714F67538B462C9383 /* Pods_DevConfAppUITests.framework */; };
		5725DBED238F6710000B5A60 /* ThreadModel.swift in Sources */ = {isa = PBXBuildFile; fileRef = 5725DBEC238F6710000B5A60 /* ThreadModel.swift */; };
		5725DBF22391075D000B5A60 /* GoogleService-Info.plist in Resources */ = {isa = PBXBuildFile; fileRef = 5725DBF12391075D000B5A60 /* GoogleService-Info.plist */; };
		5725DBF423910AE8000B5A60 /* ThreadRepository.swift in Sources */ = {isa = PBXBuildFile; fileRef = 5725DBF323910AE8000B5A60 /* ThreadRepository.swift */; };
		5725DBF723910E5B000B5A60 /* FirebaseError.swift in Sources */ = {isa = PBXBuildFile; fileRef = 5725DBF623910E5B000B5A60 /* FirebaseError.swift */; };
		5725DBF9239270AD000B5A60 /* UserRepository.swift in Sources */ = {isa = PBXBuildFile; fileRef = 5725DBF8239270AD000B5A60 /* UserRepository.swift */; };
		5725DBFD23927120000B5A60 /* PostRepository.swift in Sources */ = {isa = PBXBuildFile; fileRef = 5725DBFC23927120000B5A60 /* PostRepository.swift */; };
		5725DBFF2392987B000B5A60 /* HomeViewModel.swift in Sources */ = {isa = PBXBuildFile; fileRef = 5725DBFE2392987B000B5A60 /* HomeViewModel.swift */; };
		5725DC01239298D2000B5A60 /* HomeTabViewController.swift in Sources */ = {isa = PBXBuildFile; fileRef = 5725DC00239298D2000B5A60 /* HomeTabViewController.swift */; };
		5725DC0723929D70000B5A60 /* ExReactive.swift in Sources */ = {isa = PBXBuildFile; fileRef = 5725DC0623929D70000B5A60 /* ExReactive.swift */; };
		574753DF23B7815300A4569B /* Const.swift in Sources */ = {isa = PBXBuildFile; fileRef = 574753DE23B7815300A4569B /* Const.swift */; };
		574753E123B78CD200A4569B /* AddThreadViewController.swift in Sources */ = {isa = PBXBuildFile; fileRef = 574753E023B78CD200A4569B /* AddThreadViewController.swift */; };
		574753E323B7923600A4569B /* ExTextField.swift in Sources */ = {isa = PBXBuildFile; fileRef = 574753E223B7923600A4569B /* ExTextField.swift */; };
		574753E523B7982F00A4569B /* UnderBarTextField.swift in Sources */ = {isa = PBXBuildFile; fileRef = 574753E423B7982F00A4569B /* UnderBarTextField.swift */; };
		574753E723B79E2500A4569B /* AddThreadViewModel.swift in Sources */ = {isa = PBXBuildFile; fileRef = 574753E623B79E2500A4569B /* AddThreadViewModel.swift */; };
		574753EB23B7B9A600A4569B /* AddTagViewController.swift in Sources */ = {isa = PBXBuildFile; fileRef = 574753EA23B7B9A600A4569B /* AddTagViewController.swift */; };
		574753ED23B851B100A4569B /* AddTagViewModel.swift in Sources */ = {isa = PBXBuildFile; fileRef = 574753EC23B851B100A4569B /* AddTagViewModel.swift */; };
		574753EF23B8559800A4569B /* TagModel.swift in Sources */ = {isa = PBXBuildFile; fileRef = 574753EE23B8559800A4569B /* TagModel.swift */; };
		574753F723B9931000A4569B /* TagTableViewCell.swift in Sources */ = {isa = PBXBuildFile; fileRef = 574753F623B9931000A4569B /* TagTableViewCell.swift */; };
		574753F923B9C1E700A4569B /* PaddingTextField.swift in Sources */ = {isa = PBXBuildFile; fileRef = 574753F823B9C1E600A4569B /* PaddingTextField.swift */; };
		574753FB23B9DB6C00A4569B /* ExUIColor.swift in Sources */ = {isa = PBXBuildFile; fileRef = 574753FA23B9DB6C00A4569B /* ExUIColor.swift */; };
		574753FD23B9DF9900A4569B /* GradientButton.swift in Sources */ = {isa = PBXBuildFile; fileRef = 574753FC23B9DF9900A4569B /* GradientButton.swift */; };
		5747540523BA55E100A4569B /* ThreadTableViewCell.swift in Sources */ = {isa = PBXBuildFile; fileRef = 5747540423BA55E100A4569B /* ThreadTableViewCell.swift */; };
		5747540723BA565200A4569B /* ExTagListView.swift in Sources */ = {isa = PBXBuildFile; fileRef = 5747540623BA565200A4569B /* ExTagListView.swift */; };
		5747540923BA6A0400A4569B /* UserProfileViewController.swift in Sources */ = {isa = PBXBuildFile; fileRef = 5747540823BA6A0400A4569B /* UserProfileViewController.swift */; };
		5747540D23BCC26200A4569B /* UserTabMainViewController.swift in Sources */ = {isa = PBXBuildFile; fileRef = 5747540C23BCC26100A4569B /* UserTabMainViewController.swift */; };
		5747540F23BCC32800A4569B /* UserThreadViewController.swift in Sources */ = {isa = PBXBuildFile; fileRef = 5747540E23BCC32800A4569B /* UserThreadViewController.swift */; };
		5747541123BCC33D00A4569B /* UserCommentViewController.swift in Sources */ = {isa = PBXBuildFile; fileRef = 5747541023BCC33D00A4569B /* UserCommentViewController.swift */; };
		5747541323BCC88300A4569B /* ExUIView.swift in Sources */ = {isa = PBXBuildFile; fileRef = 5747541223BCC88300A4569B /* ExUIView.swift */; };
		5747541523BDFB0A00A4569B /* ProfileListView.swift in Sources */ = {isa = PBXBuildFile; fileRef = 5747541423BDFB0A00A4569B /* ProfileListView.swift */; };
		5747541723BDFBE300A4569B /* SkillListView.swift in Sources */ = {isa = PBXBuildFile; fileRef = 5747541623BDFBE300A4569B /* SkillListView.swift */; };
		5747541923BDFC0F00A4569B /* IntroduceView.swift in Sources */ = {isa = PBXBuildFile; fileRef = 5747541823BDFC0F00A4569B /* IntroduceView.swift */; };
		5747541B23BDFCE600A4569B /* PortFolioView.swift in Sources */ = {isa = PBXBuildFile; fileRef = 5747541A23BDFCE600A4569B /* PortFolioView.swift */; };
		5747541D23BE03AF00A4569B /* PortFolioTableViewCell.swift in Sources */ = {isa = PBXBuildFile; fileRef = 5747541C23BE03AF00A4569B /* PortFolioTableViewCell.swift */; };
		5747541F23BE09B200A4569B /* DemoViewController.swift in Sources */ = {isa = PBXBuildFile; fileRef = 5747541E23BE09B200A4569B /* DemoViewController.swift */; };
		57AB2ED2238AAB5C0021C67B /* AppDelegate.swift in Sources */ = {isa = PBXBuildFile; fileRef = 57AB2ED1238AAB5C0021C67B /* AppDelegate.swift */; };
		57AB2ED4238AAB5C0021C67B /* SceneDelegate.swift in Sources */ = {isa = PBXBuildFile; fileRef = 57AB2ED3238AAB5C0021C67B /* SceneDelegate.swift */; };
		57AB2EDB238AAB5E0021C67B /* Assets.xcassets in Resources */ = {isa = PBXBuildFile; fileRef = 57AB2EDA238AAB5E0021C67B /* Assets.xcassets */; };
		57AB2EDE238AAB5E0021C67B /* LaunchScreen.storyboard in Resources */ = {isa = PBXBuildFile; fileRef = 57AB2EDC238AAB5E0021C67B /* LaunchScreen.storyboard */; };
		57AB2EE9238AAB5E0021C67B /* DevConfAppTests.swift in Sources */ = {isa = PBXBuildFile; fileRef = 57AB2EE8238AAB5E0021C67B /* DevConfAppTests.swift */; };
		57AB2EF4238AAB5E0021C67B /* DevConfAppUITests.swift in Sources */ = {isa = PBXBuildFile; fileRef = 57AB2EF3238AAB5E0021C67B /* DevConfAppUITests.swift */; };
		57AB2F02238AABC50021C67B /* UserModel.swift in Sources */ = {isa = PBXBuildFile; fileRef = 57AB2F01238AABC50021C67B /* UserModel.swift */; };
		57AB2F06238AABED0021C67B /* PostModel.swift in Sources */ = {isa = PBXBuildFile; fileRef = 57AB2F05238AABED0021C67B /* PostModel.swift */; };
		57AB2F0A238AAEBB0021C67B /* HomeViewController.swift in Sources */ = {isa = PBXBuildFile; fileRef = 57AB2F09238AAEBB0021C67B /* HomeViewController.swift */; };
		57AB2F0D238AB37F0021C67B /* ThreadThinTableViewCell.swift in Sources */ = {isa = PBXBuildFile; fileRef = 57AB2F0C238AB37F0021C67B /* ThreadThinTableViewCell.swift */; };
		57AB2F10238AB5500021C67B /* PaddingLabel.swift in Sources */ = {isa = PBXBuildFile; fileRef = 57AB2F0F238AB5500021C67B /* PaddingLabel.swift */; };
		57AB2F12238AB55A0021C67B /* SubTitleLabel.swift in Sources */ = {isa = PBXBuildFile; fileRef = 57AB2F11238AB55A0021C67B /* SubTitleLabel.swift */; };
		57AB2F14238AB6160021C67B /* RadiusLabel.swift in Sources */ = {isa = PBXBuildFile; fileRef = 57AB2F13238AB6160021C67B /* RadiusLabel.swift */; };
		57AB2F1A238BCD290021C67B /* ExNavigationController.swift in Sources */ = {isa = PBXBuildFile; fileRef = 57AB2F19238BCD290021C67B /* ExNavigationController.swift */; };
		57AB2F1C238BCE000021C67B /* EllipseTableViewCell.swift in Sources */ = {isa = PBXBuildFile; fileRef = 57AB2F1B238BCE000021C67B /* EllipseTableViewCell.swift */; };
		6C4EFA9EC70DF924093B4528 /* Pods_DevConfAppTests.framework in Frameworks */ = {isa = PBXBuildFile; fileRef = 843346264928C8A963444D00 /* Pods_DevConfAppTests.framework */; };
		9541CCD78A2FAA5B6020BA30 /* Pods_DevConfApp.framework in Frameworks */ = {isa = PBXBuildFile; fileRef = 1EAEAD8B9ECE180E234E97EF /* Pods_DevConfApp.framework */; };
/* End PBXBuildFile section */

/* Begin PBXContainerItemProxy section */
		57AB2EE5238AAB5E0021C67B /* PBXContainerItemProxy */ = {
			isa = PBXContainerItemProxy;
			containerPortal = 57AB2EC6238AAB5C0021C67B /* Project object */;
			proxyType = 1;
			remoteGlobalIDString = 57AB2ECD238AAB5C0021C67B;
			remoteInfo = DevConfApp;
		};
		57AB2EF0238AAB5E0021C67B /* PBXContainerItemProxy */ = {
			isa = PBXContainerItemProxy;
			containerPortal = 57AB2EC6238AAB5C0021C67B /* Project object */;
			proxyType = 1;
			remoteGlobalIDString = 57AB2ECD238AAB5C0021C67B;
			remoteInfo = DevConfApp;
		};
/* End PBXContainerItemProxy section */

/* Begin PBXFileReference section */
		0C07C1F17068AED47692E9E9 /* Pods-DevConfApp.debug.xcconfig */ = {isa = PBXFileReference; includeInIndex = 1; lastKnownFileType = text.xcconfig; name = "Pods-DevConfApp.debug.xcconfig"; path = "Target Support Files/Pods-DevConfApp/Pods-DevConfApp.debug.xcconfig"; sourceTree = "<group>"; };
		1EAEAD8B9ECE180E234E97EF /* Pods_DevConfApp.framework */ = {isa = PBXFileReference; explicitFileType = wrapper.framework; includeInIndex = 0; path = Pods_DevConfApp.framework; sourceTree = BUILT_PRODUCTS_DIR; };
		2548AAF322BF5091ABD59874 /* Pods-DevConfAppTests.debug.xcconfig */ = {isa = PBXFileReference; includeInIndex = 1; lastKnownFileType = text.xcconfig; name = "Pods-DevConfAppTests.debug.xcconfig"; path = "Target Support Files/Pods-DevConfAppTests/Pods-DevConfAppTests.debug.xcconfig"; sourceTree = "<group>"; };
		3C340A714F67538B462C9383 /* Pods_DevConfAppUITests.framework */ = {isa = PBXFileReference; explicitFileType = wrapper.framework; includeInIndex = 0; path = Pods_DevConfAppUITests.framework; sourceTree = BUILT_PRODUCTS_DIR; };
		4F7B1CC109CD3332DA2B5B2A /* Pods-DevConfAppTests.release.xcconfig */ = {isa = PBXFileReference; includeInIndex = 1; lastKnownFileType = text.xcconfig; name = "Pods-DevConfAppTests.release.xcconfig"; path = "Target Support Files/Pods-DevConfAppTests/Pods-DevConfAppTests.release.xcconfig"; sourceTree = "<group>"; };
		5725DBEC238F6710000B5A60 /* ThreadModel.swift */ = {isa = PBXFileReference; lastKnownFileType = sourcecode.swift; path = ThreadModel.swift; sourceTree = "<group>"; };
		5725DBF12391075D000B5A60 /* GoogleService-Info.plist */ = {isa = PBXFileReference; fileEncoding = 4; lastKnownFileType = text.plist.xml; path = "GoogleService-Info.plist"; sourceTree = "<group>"; };
		5725DBF323910AE8000B5A60 /* ThreadRepository.swift */ = {isa = PBXFileReference; lastKnownFileType = sourcecode.swift; path = ThreadRepository.swift; sourceTree = "<group>"; };
		5725DBF623910E5B000B5A60 /* FirebaseError.swift */ = {isa = PBXFileReference; lastKnownFileType = sourcecode.swift; path = FirebaseError.swift; sourceTree = "<group>"; };
		5725DBF8239270AD000B5A60 /* UserRepository.swift */ = {isa = PBXFileReference; lastKnownFileType = sourcecode.swift; path = UserRepository.swift; sourceTree = "<group>"; };
		5725DBFC23927120000B5A60 /* PostRepository.swift */ = {isa = PBXFileReference; lastKnownFileType = sourcecode.swift; path = PostRepository.swift; sourceTree = "<group>"; };
		5725DBFE2392987B000B5A60 /* HomeViewModel.swift */ = {isa = PBXFileReference; lastKnownFileType = sourcecode.swift; path = HomeViewModel.swift; sourceTree = "<group>"; };
		5725DC00239298D2000B5A60 /* HomeTabViewController.swift */ = {isa = PBXFileReference; lastKnownFileType = sourcecode.swift; path = HomeTabViewController.swift; sourceTree = "<group>"; };
		5725DC0623929D70000B5A60 /* ExReactive.swift */ = {isa = PBXFileReference; lastKnownFileType = sourcecode.swift; path = ExReactive.swift; sourceTree = "<group>"; };
		574753DE23B7815300A4569B /* Const.swift */ = {isa = PBXFileReference; lastKnownFileType = sourcecode.swift; path = Const.swift; sourceTree = "<group>"; };
		574753E023B78CD200A4569B /* AddThreadViewController.swift */ = {isa = PBXFileReference; lastKnownFileType = sourcecode.swift; path = AddThreadViewController.swift; sourceTree = "<group>"; };
		574753E223B7923600A4569B /* ExTextField.swift */ = {isa = PBXFileReference; lastKnownFileType = sourcecode.swift; path = ExTextField.swift; sourceTree = "<group>"; };
		574753E423B7982F00A4569B /* UnderBarTextField.swift */ = {isa = PBXFileReference; lastKnownFileType = sourcecode.swift; path = UnderBarTextField.swift; sourceTree = "<group>"; };
		574753E623B79E2500A4569B /* AddThreadViewModel.swift */ = {isa = PBXFileReference; lastKnownFileType = sourcecode.swift; path = AddThreadViewModel.swift; sourceTree = "<group>"; };
		574753EA23B7B9A600A4569B /* AddTagViewController.swift */ = {isa = PBXFileReference; lastKnownFileType = sourcecode.swift; path = AddTagViewController.swift; sourceTree = "<group>"; };
		574753EC23B851B100A4569B /* AddTagViewModel.swift */ = {isa = PBXFileReference; lastKnownFileType = sourcecode.swift; path = AddTagViewModel.swift; sourceTree = "<group>"; };
		574753EE23B8559800A4569B /* TagModel.swift */ = {isa = PBXFileReference; lastKnownFileType = sourcecode.swift; path = TagModel.swift; sourceTree = "<group>"; };
		574753F623B9931000A4569B /* TagTableViewCell.swift */ = {isa = PBXFileReference; lastKnownFileType = sourcecode.swift; path = TagTableViewCell.swift; sourceTree = "<group>"; };
		574753F823B9C1E600A4569B /* PaddingTextField.swift */ = {isa = PBXFileReference; lastKnownFileType = sourcecode.swift; path = PaddingTextField.swift; sourceTree = "<group>"; };
		574753FA23B9DB6C00A4569B /* ExUIColor.swift */ = {isa = PBXFileReference; lastKnownFileType = sourcecode.swift; path = ExUIColor.swift; sourceTree = "<group>"; };
		574753FC23B9DF9900A4569B /* GradientButton.swift */ = {isa = PBXFileReference; lastKnownFileType = sourcecode.swift; path = GradientButton.swift; sourceTree = "<group>"; };
		5747540423BA55E100A4569B /* ThreadTableViewCell.swift */ = {isa = PBXFileReference; lastKnownFileType = sourcecode.swift; path = ThreadTableViewCell.swift; sourceTree = "<group>"; };
		5747540623BA565200A4569B /* ExTagListView.swift */ = {isa = PBXFileReference; lastKnownFileType = sourcecode.swift; path = ExTagListView.swift; sourceTree = "<group>"; };
		5747540823BA6A0400A4569B /* UserProfileViewController.swift */ = {isa = PBXFileReference; lastKnownFileType = sourcecode.swift; path = UserProfileViewController.swift; sourceTree = "<group>"; };
		5747540C23BCC26100A4569B /* UserTabMainViewController.swift */ = {isa = PBXFileReference; lastKnownFileType = sourcecode.swift; path = UserTabMainViewController.swift; sourceTree = "<group>"; };
		5747540E23BCC32800A4569B /* UserThreadViewController.swift */ = {isa = PBXFileReference; lastKnownFileType = sourcecode.swift; path = UserThreadViewController.swift; sourceTree = "<group>"; };
		5747541023BCC33D00A4569B /* UserCommentViewController.swift */ = {isa = PBXFileReference; lastKnownFileType = sourcecode.swift; path = UserCommentViewController.swift; sourceTree = "<group>"; };
		5747541223BCC88300A4569B /* ExUIView.swift */ = {isa = PBXFileReference; lastKnownFileType = sourcecode.swift; path = ExUIView.swift; sourceTree = "<group>"; };
		5747541423BDFB0A00A4569B /* ProfileListView.swift */ = {isa = PBXFileReference; lastKnownFileType = sourcecode.swift; path = ProfileListView.swift; sourceTree = "<group>"; };
		5747541623BDFBE300A4569B /* SkillListView.swift */ = {isa = PBXFileReference; lastKnownFileType = sourcecode.swift; path = SkillListView.swift; sourceTree = "<group>"; };
		5747541823BDFC0F00A4569B /* IntroduceView.swift */ = {isa = PBXFileReference; lastKnownFileType = sourcecode.swift; path = IntroduceView.swift; sourceTree = "<group>"; };
		5747541A23BDFCE600A4569B /* PortFolioView.swift */ = {isa = PBXFileReference; lastKnownFileType = sourcecode.swift; path = PortFolioView.swift; sourceTree = "<group>"; };
		5747541C23BE03AF00A4569B /* PortFolioTableViewCell.swift */ = {isa = PBXFileReference; lastKnownFileType = sourcecode.swift; path = PortFolioTableViewCell.swift; sourceTree = "<group>"; };
		5747541E23BE09B200A4569B /* DemoViewController.swift */ = {isa = PBXFileReference; lastKnownFileType = sourcecode.swift; path = DemoViewController.swift; sourceTree = "<group>"; };
		57AB2ECE238AAB5C0021C67B /* DevConfApp.app */ = {isa = PBXFileReference; explicitFileType = wrapper.application; includeInIndex = 0; path = DevConfApp.app; sourceTree = BUILT_PRODUCTS_DIR; };
		57AB2ED1238AAB5C0021C67B /* AppDelegate.swift */ = {isa = PBXFileReference; lastKnownFileType = sourcecode.swift; path = AppDelegate.swift; sourceTree = "<group>"; };
		57AB2ED3238AAB5C0021C67B /* SceneDelegate.swift */ = {isa = PBXFileReference; lastKnownFileType = sourcecode.swift; path = SceneDelegate.swift; sourceTree = "<group>"; };
		57AB2EDA238AAB5E0021C67B /* Assets.xcassets */ = {isa = PBXFileReference; lastKnownFileType = folder.assetcatalog; path = Assets.xcassets; sourceTree = "<group>"; };
		57AB2EDD238AAB5E0021C67B /* Base */ = {isa = PBXFileReference; lastKnownFileType = file.storyboard; name = Base; path = Base.lproj/LaunchScreen.storyboard; sourceTree = "<group>"; };
		57AB2EDF238AAB5E0021C67B /* Info.plist */ = {isa = PBXFileReference; lastKnownFileType = text.plist.xml; path = Info.plist; sourceTree = "<group>"; };
		57AB2EE4238AAB5E0021C67B /* DevConfAppTests.xctest */ = {isa = PBXFileReference; explicitFileType = wrapper.cfbundle; includeInIndex = 0; path = DevConfAppTests.xctest; sourceTree = BUILT_PRODUCTS_DIR; };
		57AB2EE8238AAB5E0021C67B /* DevConfAppTests.swift */ = {isa = PBXFileReference; lastKnownFileType = sourcecode.swift; path = DevConfAppTests.swift; sourceTree = "<group>"; };
		57AB2EEA238AAB5E0021C67B /* Info.plist */ = {isa = PBXFileReference; lastKnownFileType = text.plist.xml; path = Info.plist; sourceTree = "<group>"; };
		57AB2EEF238AAB5E0021C67B /* DevConfAppUITests.xctest */ = {isa = PBXFileReference; explicitFileType = wrapper.cfbundle; includeInIndex = 0; path = DevConfAppUITests.xctest; sourceTree = BUILT_PRODUCTS_DIR; };
		57AB2EF3238AAB5E0021C67B /* DevConfAppUITests.swift */ = {isa = PBXFileReference; lastKnownFileType = sourcecode.swift; path = DevConfAppUITests.swift; sourceTree = "<group>"; };
		57AB2EF5238AAB5E0021C67B /* Info.plist */ = {isa = PBXFileReference; lastKnownFileType = text.plist.xml; path = Info.plist; sourceTree = "<group>"; };
		57AB2F01238AABC50021C67B /* UserModel.swift */ = {isa = PBXFileReference; lastKnownFileType = sourcecode.swift; path = UserModel.swift; sourceTree = "<group>"; };
		57AB2F05238AABED0021C67B /* PostModel.swift */ = {isa = PBXFileReference; lastKnownFileType = sourcecode.swift; path = PostModel.swift; sourceTree = "<group>"; };
		57AB2F09238AAEBB0021C67B /* HomeViewController.swift */ = {isa = PBXFileReference; lastKnownFileType = sourcecode.swift; path = HomeViewController.swift; sourceTree = "<group>"; };
		57AB2F0C238AB37F0021C67B /* ThreadThinTableViewCell.swift */ = {isa = PBXFileReference; lastKnownFileType = sourcecode.swift; path = ThreadThinTableViewCell.swift; sourceTree = "<group>"; };
		57AB2F0F238AB5500021C67B /* PaddingLabel.swift */ = {isa = PBXFileReference; lastKnownFileType = sourcecode.swift; path = PaddingLabel.swift; sourceTree = "<group>"; };
		57AB2F11238AB55A0021C67B /* SubTitleLabel.swift */ = {isa = PBXFileReference; lastKnownFileType = sourcecode.swift; path = SubTitleLabel.swift; sourceTree = "<group>"; };
		57AB2F13238AB6160021C67B /* RadiusLabel.swift */ = {isa = PBXFileReference; lastKnownFileType = sourcecode.swift; path = RadiusLabel.swift; sourceTree = "<group>"; };
		57AB2F19238BCD290021C67B /* ExNavigationController.swift */ = {isa = PBXFileReference; lastKnownFileType = sourcecode.swift; path = ExNavigationController.swift; sourceTree = "<group>"; };
		57AB2F1B238BCE000021C67B /* EllipseTableViewCell.swift */ = {isa = PBXFileReference; lastKnownFileType = sourcecode.swift; path = EllipseTableViewCell.swift; sourceTree = "<group>"; };
		7C6FBF2DCE4D76C0058CE4FA /* Pods-DevConfApp.release.xcconfig */ = {isa = PBXFileReference; includeInIndex = 1; lastKnownFileType = text.xcconfig; name = "Pods-DevConfApp.release.xcconfig"; path = "Target Support Files/Pods-DevConfApp/Pods-DevConfApp.release.xcconfig"; sourceTree = "<group>"; };
		843346264928C8A963444D00 /* Pods_DevConfAppTests.framework */ = {isa = PBXFileReference; explicitFileType = wrapper.framework; includeInIndex = 0; path = Pods_DevConfAppTests.framework; sourceTree = BUILT_PRODUCTS_DIR; };
		9EA460D6E974C3C7F2646B95 /* Pods-DevConfAppUITests.debug.xcconfig */ = {isa = PBXFileReference; includeInIndex = 1; lastKnownFileType = text.xcconfig; name = "Pods-DevConfAppUITests.debug.xcconfig"; path = "Target Support Files/Pods-DevConfAppUITests/Pods-DevConfAppUITests.debug.xcconfig"; sourceTree = "<group>"; };
		FF2E85E800AD29104B7B27C2 /* Pods-DevConfAppUITests.release.xcconfig */ = {isa = PBXFileReference; includeInIndex = 1; lastKnownFileType = text.xcconfig; name = "Pods-DevConfAppUITests.release.xcconfig"; path = "Target Support Files/Pods-DevConfAppUITests/Pods-DevConfAppUITests.release.xcconfig"; sourceTree = "<group>"; };
/* End PBXFileReference section */

/* Begin PBXFrameworksBuildPhase section */
		57AB2ECB238AAB5C0021C67B /* Frameworks */ = {
			isa = PBXFrameworksBuildPhase;
			buildActionMask = 2147483647;
			files = (
				9541CCD78A2FAA5B6020BA30 /* Pods_DevConfApp.framework in Frameworks */,
			);
			runOnlyForDeploymentPostprocessing = 0;
		};
		57AB2EE1238AAB5E0021C67B /* Frameworks */ = {
			isa = PBXFrameworksBuildPhase;
			buildActionMask = 2147483647;
			files = (
				6C4EFA9EC70DF924093B4528 /* Pods_DevConfAppTests.framework in Frameworks */,
			);
			runOnlyForDeploymentPostprocessing = 0;
		};
		57AB2EEC238AAB5E0021C67B /* Frameworks */ = {
			isa = PBXFrameworksBuildPhase;
			buildActionMask = 2147483647;
			files = (
				468826A813FDD5AFFA19053C /* Pods_DevConfAppUITests.framework in Frameworks */,
			);
			runOnlyForDeploymentPostprocessing = 0;
		};
/* End PBXFrameworksBuildPhase section */

/* Begin PBXGroup section */
		5725DBEE238F67AB000B5A60 /* Model */ = {
			isa = PBXGroup;
			children = (
				5725DBEC238F6710000B5A60 /* ThreadModel.swift */,
				57AB2F05238AABED0021C67B /* PostModel.swift */,
				57AB2F01238AABC50021C67B /* UserModel.swift */,
				574753EE23B8559800A4569B /* TagModel.swift */,
			);
			path = Model;
			sourceTree = "<group>";
		};
		5725DBF0238F69EE000B5A60 /* Repository */ = {
			isa = PBXGroup;
			children = (
				5725DBF323910AE8000B5A60 /* ThreadRepository.swift */,
				5725DBFC23927120000B5A60 /* PostRepository.swift */,
				5725DBF8239270AD000B5A60 /* UserRepository.swift */,
			);
			path = Repository;
			sourceTree = "<group>";
		};
		5725DBF523910E24000B5A60 /* Error */ = {
			isa = PBXGroup;
			children = (
				5725DBF623910E5B000B5A60 /* FirebaseError.swift */,
			);
			path = Error;
			sourceTree = "<group>";
		};
		5725DC0223929A8B000B5A60 /* Home */ = {
			isa = PBXGroup;
			children = (
				57AB2F09238AAEBB0021C67B /* HomeViewController.swift */,
				5725DC00239298D2000B5A60 /* HomeTabViewController.swift */,
				5725DBFE2392987B000B5A60 /* HomeViewModel.swift */,
				574753E023B78CD200A4569B /* AddThreadViewController.swift */,
				574753E623B79E2500A4569B /* AddThreadViewModel.swift */,
				574753EA23B7B9A600A4569B /* AddTagViewController.swift */,
				574753EC23B851B100A4569B /* AddTagViewModel.swift */,
				574753F823B9C1E600A4569B /* PaddingTextField.swift */,
				574753FC23B9DF9900A4569B /* GradientButton.swift */,
			);
			path = Home;
			sourceTree = "<group>";
		};
		574753DD23B7814400A4569B /* Const */ = {
			isa = PBXGroup;
			children = (
				574753DE23B7815300A4569B /* Const.swift */,
			);
			path = Const;
			sourceTree = "<group>";
		};
		57AB2EC5238AAB5C0021C67B = {
			isa = PBXGroup;
			children = (
				57AB2ED0238AAB5C0021C67B /* DevConfApp */,
				57AB2EE7238AAB5E0021C67B /* DevConfAppTests */,
				57AB2EF2238AAB5E0021C67B /* DevConfAppUITests */,
				57AB2ECF238AAB5C0021C67B /* Products */,
				C728E500DA8C1EBE918CC304 /* Pods */,
				E081D22B86A85649B4520B92 /* Frameworks */,
			);
			sourceTree = "<group>";
		};
		57AB2ECF238AAB5C0021C67B /* Products */ = {
			isa = PBXGroup;
			children = (
				57AB2ECE238AAB5C0021C67B /* DevConfApp.app */,
				57AB2EE4238AAB5E0021C67B /* DevConfAppTests.xctest */,
				57AB2EEF238AAB5E0021C67B /* DevConfAppUITests.xctest */,
			);
			name = Products;
			sourceTree = "<group>";
		};
		57AB2ED0238AAB5C0021C67B /* DevConfApp */ = {
			isa = PBXGroup;
			children = (
				574753DD23B7814400A4569B /* Const */,
				5725DBF523910E24000B5A60 /* Error */,
				57AB2F18238BCD0E0021C67B /* Extention */,
				5725DBF0238F69EE000B5A60 /* Repository */,
				57AB2F07238AAE810021C67B /* Data */,
				57AB2F08238AAE9D0021C67B /* View */,
				57AB2F0B238AB3430021C67B /* Components */,
				57AB2ED1238AAB5C0021C67B /* AppDelegate.swift */,
				57AB2ED3238AAB5C0021C67B /* SceneDelegate.swift */,
				57AB2EDA238AAB5E0021C67B /* Assets.xcassets */,
				57AB2EDC238AAB5E0021C67B /* LaunchScreen.storyboard */,
				57AB2EDF238AAB5E0021C67B /* Info.plist */,
				5725DBF12391075D000B5A60 /* GoogleService-Info.plist */,
			);
			path = DevConfApp;
			sourceTree = "<group>";
		};
		57AB2EE7238AAB5E0021C67B /* DevConfAppTests */ = {
			isa = PBXGroup;
			children = (
				57AB2EE8238AAB5E0021C67B /* DevConfAppTests.swift */,
				57AB2EEA238AAB5E0021C67B /* Info.plist */,
			);
			path = DevConfAppTests;
			sourceTree = "<group>";
		};
		57AB2EF2238AAB5E0021C67B /* DevConfAppUITests */ = {
			isa = PBXGroup;
			children = (
				57AB2EF3238AAB5E0021C67B /* DevConfAppUITests.swift */,
				57AB2EF5238AAB5E0021C67B /* Info.plist */,
			);
			path = DevConfAppUITests;
			sourceTree = "<group>";
		};
		57AB2F07238AAE810021C67B /* Data */ = {
			isa = PBXGroup;
			children = (
				5725DBEE238F67AB000B5A60 /* Model */,
			);
			path = Data;
			sourceTree = "<group>";
		};
		57AB2F08238AAE9D0021C67B /* View */ = {
			isa = PBXGroup;
			children = (
				5725DC0223929A8B000B5A60 /* Home */,
				5747540823BA6A0400A4569B /* UserProfileViewController.swift */,
				5747540C23BCC26100A4569B /* UserTabMainViewController.swift */,
				5747540E23BCC32800A4569B /* UserThreadViewController.swift */,
				5747541023BCC33D00A4569B /* UserCommentViewController.swift */,
				5747541423BDFB0A00A4569B /* ProfileListView.swift */,
				5747541623BDFBE300A4569B /* SkillListView.swift */,
				5747541823BDFC0F00A4569B /* IntroduceView.swift */,
				5747541A23BDFCE600A4569B /* PortFolioView.swift */,
				5747541C23BE03AF00A4569B /* PortFolioTableViewCell.swift */,
				5747541E23BE09B200A4569B /* DemoViewController.swift */,
			);
			path = View;
			sourceTree = "<group>";
		};
		57AB2F0B238AB3430021C67B /* Components */ = {
			isa = PBXGroup;
			children = (
				57AB2F0E238AB3E50021C67B /* Common */,
				57AB2F0C238AB37F0021C67B /* ThreadThinTableViewCell.swift */,
				57AB2F1B238BCE000021C67B /* EllipseTableViewCell.swift */,
			);
			path = Components;
			sourceTree = "<group>";
		};
		57AB2F0E238AB3E50021C67B /* Common */ = {
			isa = PBXGroup;
			children = (
				57AB2F0F238AB5500021C67B /* PaddingLabel.swift */,
				57AB2F11238AB55A0021C67B /* SubTitleLabel.swift */,
				57AB2F13238AB6160021C67B /* RadiusLabel.swift */,
				574753E423B7982F00A4569B /* UnderBarTextField.swift */,
				574753F623B9931000A4569B /* TagTableViewCell.swift */,
				5747540423BA55E100A4569B /* ThreadTableViewCell.swift */,
			);
			path = Common;
			sourceTree = "<group>";
		};
		57AB2F18238BCD0E0021C67B /* Extention */ = {
			isa = PBXGroup;
			children = (
				57AB2F19238BCD290021C67B /* ExNavigationController.swift */,
				5725DC0623929D70000B5A60 /* ExReactive.swift */,
				574753E223B7923600A4569B /* ExTextField.swift */,
				574753FA23B9DB6C00A4569B /* ExUIColor.swift */,
				5747540623BA565200A4569B /* ExTagListView.swift */,
				5747541223BCC88300A4569B /* ExUIView.swift */,
			);
			path = Extention;
			sourceTree = "<group>";
		};
		C728E500DA8C1EBE918CC304 /* Pods */ = {
			isa = PBXGroup;
			children = (
				0C07C1F17068AED47692E9E9 /* Pods-DevConfApp.debug.xcconfig */,
				7C6FBF2DCE4D76C0058CE4FA /* Pods-DevConfApp.release.xcconfig */,
				2548AAF322BF5091ABD59874 /* Pods-DevConfAppTests.debug.xcconfig */,
				4F7B1CC109CD3332DA2B5B2A /* Pods-DevConfAppTests.release.xcconfig */,
				9EA460D6E974C3C7F2646B95 /* Pods-DevConfAppUITests.debug.xcconfig */,
				FF2E85E800AD29104B7B27C2 /* Pods-DevConfAppUITests.release.xcconfig */,
			);
			path = Pods;
			sourceTree = "<group>";
		};
		E081D22B86A85649B4520B92 /* Frameworks */ = {
			isa = PBXGroup;
			children = (
				1EAEAD8B9ECE180E234E97EF /* Pods_DevConfApp.framework */,
				843346264928C8A963444D00 /* Pods_DevConfAppTests.framework */,
				3C340A714F67538B462C9383 /* Pods_DevConfAppUITests.framework */,
			);
			name = Frameworks;
			sourceTree = "<group>";
		};
/* End PBXGroup section */

/* Begin PBXNativeTarget section */
		57AB2ECD238AAB5C0021C67B /* DevConfApp */ = {
			isa = PBXNativeTarget;
			buildConfigurationList = 57AB2EF8238AAB5E0021C67B /* Build configuration list for PBXNativeTarget "DevConfApp" */;
			buildPhases = (
				1FFD9A54758611BCA605B7FB /* [CP] Check Pods Manifest.lock */,
				57AB2ECA238AAB5C0021C67B /* Sources */,
				57AB2ECB238AAB5C0021C67B /* Frameworks */,
				57AB2ECC238AAB5C0021C67B /* Resources */,
				C0E0FB95840C1404FF390FDD /* [CP] Embed Pods Frameworks */,
			);
			buildRules = (
			);
			dependencies = (
			);
			name = DevConfApp;
			productName = DevConfApp;
			productReference = 57AB2ECE238AAB5C0021C67B /* DevConfApp.app */;
			productType = "com.apple.product-type.application";
		};
		57AB2EE3238AAB5E0021C67B /* DevConfAppTests */ = {
			isa = PBXNativeTarget;
			buildConfigurationList = 57AB2EFB238AAB5E0021C67B /* Build configuration list for PBXNativeTarget "DevConfAppTests" */;
			buildPhases = (
				C5DC70273EBCAA6E1EC593CF /* [CP] Check Pods Manifest.lock */,
				57AB2EE0238AAB5E0021C67B /* Sources */,
				57AB2EE1238AAB5E0021C67B /* Frameworks */,
				57AB2EE2238AAB5E0021C67B /* Resources */,
			);
			buildRules = (
			);
			dependencies = (
				57AB2EE6238AAB5E0021C67B /* PBXTargetDependency */,
			);
			name = DevConfAppTests;
			productName = DevConfAppTests;
			productReference = 57AB2EE4238AAB5E0021C67B /* DevConfAppTests.xctest */;
			productType = "com.apple.product-type.bundle.unit-test";
		};
		57AB2EEE238AAB5E0021C67B /* DevConfAppUITests */ = {
			isa = PBXNativeTarget;
			buildConfigurationList = 57AB2EFE238AAB5E0021C67B /* Build configuration list for PBXNativeTarget "DevConfAppUITests" */;
			buildPhases = (
				143A8BB36B4BF45DB1C4DB4D /* [CP] Check Pods Manifest.lock */,
				57AB2EEB238AAB5E0021C67B /* Sources */,
				57AB2EEC238AAB5E0021C67B /* Frameworks */,
				57AB2EED238AAB5E0021C67B /* Resources */,
			);
			buildRules = (
			);
			dependencies = (
				57AB2EF1238AAB5E0021C67B /* PBXTargetDependency */,
			);
			name = DevConfAppUITests;
			productName = DevConfAppUITests;
			productReference = 57AB2EEF238AAB5E0021C67B /* DevConfAppUITests.xctest */;
			productType = "com.apple.product-type.bundle.ui-testing";
		};
/* End PBXNativeTarget section */

/* Begin PBXProject section */
		57AB2EC6238AAB5C0021C67B /* Project object */ = {
			isa = PBXProject;
			attributes = {
				LastSwiftUpdateCheck = 1120;
				LastUpgradeCheck = 1120;
				ORGANIZATIONNAME = tomoya.suzuki;
				TargetAttributes = {
					57AB2ECD238AAB5C0021C67B = {
						CreatedOnToolsVersion = 11.2;
					};
					57AB2EE3238AAB5E0021C67B = {
						CreatedOnToolsVersion = 11.2;
						TestTargetID = 57AB2ECD238AAB5C0021C67B;
					};
					57AB2EEE238AAB5E0021C67B = {
						CreatedOnToolsVersion = 11.2;
						TestTargetID = 57AB2ECD238AAB5C0021C67B;
					};
				};
			};
			buildConfigurationList = 57AB2EC9238AAB5C0021C67B /* Build configuration list for PBXProject "DevConfApp" */;
			compatibilityVersion = "Xcode 9.3";
			developmentRegion = en;
			hasScannedForEncodings = 0;
			knownRegions = (
				en,
				Base,
			);
			mainGroup = 57AB2EC5238AAB5C0021C67B;
			productRefGroup = 57AB2ECF238AAB5C0021C67B /* Products */;
			projectDirPath = "";
			projectRoot = "";
			targets = (
				57AB2ECD238AAB5C0021C67B /* DevConfApp */,
				57AB2EE3238AAB5E0021C67B /* DevConfAppTests */,
				57AB2EEE238AAB5E0021C67B /* DevConfAppUITests */,
			);
		};
/* End PBXProject section */

/* Begin PBXResourcesBuildPhase section */
		57AB2ECC238AAB5C0021C67B /* Resources */ = {
			isa = PBXResourcesBuildPhase;
			buildActionMask = 2147483647;
			files = (
				5725DBF22391075D000B5A60 /* GoogleService-Info.plist in Resources */,
				57AB2EDE238AAB5E0021C67B /* LaunchScreen.storyboard in Resources */,
				57AB2EDB238AAB5E0021C67B /* Assets.xcassets in Resources */,
			);
			runOnlyForDeploymentPostprocessing = 0;
		};
		57AB2EE2238AAB5E0021C67B /* Resources */ = {
			isa = PBXResourcesBuildPhase;
			buildActionMask = 2147483647;
			files = (
			);
			runOnlyForDeploymentPostprocessing = 0;
		};
		57AB2EED238AAB5E0021C67B /* Resources */ = {
			isa = PBXResourcesBuildPhase;
			buildActionMask = 2147483647;
			files = (
			);
			runOnlyForDeploymentPostprocessing = 0;
		};
/* End PBXResourcesBuildPhase section */

/* Begin PBXShellScriptBuildPhase section */
		143A8BB36B4BF45DB1C4DB4D /* [CP] Check Pods Manifest.lock */ = {
			isa = PBXShellScriptBuildPhase;
			buildActionMask = 2147483647;
			files = (
			);
			inputFileListPaths = (
			);
			inputPaths = (
				"${PODS_PODFILE_DIR_PATH}/Podfile.lock",
				"${PODS_ROOT}/Manifest.lock",
			);
			name = "[CP] Check Pods Manifest.lock";
			outputFileListPaths = (
			);
			outputPaths = (
				"$(DERIVED_FILE_DIR)/Pods-DevConfAppUITests-checkManifestLockResult.txt",
			);
			runOnlyForDeploymentPostprocessing = 0;
			shellPath = /bin/sh;
			shellScript = "diff \"${PODS_PODFILE_DIR_PATH}/Podfile.lock\" \"${PODS_ROOT}/Manifest.lock\" > /dev/null\nif [ $? != 0 ] ; then\n    # print error to STDERR\n    echo \"error: The sandbox is not in sync with the Podfile.lock. Run 'pod install' or update your CocoaPods installation.\" >&2\n    exit 1\nfi\n# This output is used by Xcode 'outputs' to avoid re-running this script phase.\necho \"SUCCESS\" > \"${SCRIPT_OUTPUT_FILE_0}\"\n";
			showEnvVarsInLog = 0;
		};
		1FFD9A54758611BCA605B7FB /* [CP] Check Pods Manifest.lock */ = {
			isa = PBXShellScriptBuildPhase;
			buildActionMask = 2147483647;
			files = (
			);
			inputFileListPaths = (
			);
			inputPaths = (
				"${PODS_PODFILE_DIR_PATH}/Podfile.lock",
				"${PODS_ROOT}/Manifest.lock",
			);
			name = "[CP] Check Pods Manifest.lock";
			outputFileListPaths = (
			);
			outputPaths = (
				"$(DERIVED_FILE_DIR)/Pods-DevConfApp-checkManifestLockResult.txt",
			);
			runOnlyForDeploymentPostprocessing = 0;
			shellPath = /bin/sh;
			shellScript = "diff \"${PODS_PODFILE_DIR_PATH}/Podfile.lock\" \"${PODS_ROOT}/Manifest.lock\" > /dev/null\nif [ $? != 0 ] ; then\n    # print error to STDERR\n    echo \"error: The sandbox is not in sync with the Podfile.lock. Run 'pod install' or update your CocoaPods installation.\" >&2\n    exit 1\nfi\n# This output is used by Xcode 'outputs' to avoid re-running this script phase.\necho \"SUCCESS\" > \"${SCRIPT_OUTPUT_FILE_0}\"\n";
			showEnvVarsInLog = 0;
		};
		C0E0FB95840C1404FF390FDD /* [CP] Embed Pods Frameworks */ = {
			isa = PBXShellScriptBuildPhase;
			buildActionMask = 2147483647;
			files = (
			);
			inputFileListPaths = (
				"${PODS_ROOT}/Target Support Files/Pods-DevConfApp/Pods-DevConfApp-frameworks-${CONFIGURATION}-input-files.xcfilelist",
			);
			name = "[CP] Embed Pods Frameworks";
			outputFileListPaths = (
				"${PODS_ROOT}/Target Support Files/Pods-DevConfApp/Pods-DevConfApp-frameworks-${CONFIGURATION}-output-files.xcfilelist",
			);
			runOnlyForDeploymentPostprocessing = 0;
			shellPath = /bin/sh;
			shellScript = "\"${PODS_ROOT}/Target Support Files/Pods-DevConfApp/Pods-DevConfApp-frameworks.sh\"\n";
			showEnvVarsInLog = 0;
		};
		C5DC70273EBCAA6E1EC593CF /* [CP] Check Pods Manifest.lock */ = {
			isa = PBXShellScriptBuildPhase;
			buildActionMask = 2147483647;
			files = (
			);
			inputFileListPaths = (
			);
			inputPaths = (
				"${PODS_PODFILE_DIR_PATH}/Podfile.lock",
				"${PODS_ROOT}/Manifest.lock",
			);
			name = "[CP] Check Pods Manifest.lock";
			outputFileListPaths = (
			);
			outputPaths = (
				"$(DERIVED_FILE_DIR)/Pods-DevConfAppTests-checkManifestLockResult.txt",
			);
			runOnlyForDeploymentPostprocessing = 0;
			shellPath = /bin/sh;
			shellScript = "diff \"${PODS_PODFILE_DIR_PATH}/Podfile.lock\" \"${PODS_ROOT}/Manifest.lock\" > /dev/null\nif [ $? != 0 ] ; then\n    # print error to STDERR\n    echo \"error: The sandbox is not in sync with the Podfile.lock. Run 'pod install' or update your CocoaPods installation.\" >&2\n    exit 1\nfi\n# This output is used by Xcode 'outputs' to avoid re-running this script phase.\necho \"SUCCESS\" > \"${SCRIPT_OUTPUT_FILE_0}\"\n";
			showEnvVarsInLog = 0;
		};
/* End PBXShellScriptBuildPhase section */

/* Begin PBXSourcesBuildPhase section */
		57AB2ECA238AAB5C0021C67B /* Sources */ = {
			isa = PBXSourcesBuildPhase;
			buildActionMask = 2147483647;
			files = (
				574753EF23B8559800A4569B /* TagModel.swift in Sources */,
				574753E523B7982F00A4569B /* UnderBarTextField.swift in Sources */,
				57AB2F12238AB55A0021C67B /* SubTitleLabel.swift in Sources */,
				5747540F23BCC32800A4569B /* UserThreadViewController.swift in Sources */,
				5725DBF423910AE8000B5A60 /* ThreadRepository.swift in Sources */,
				57AB2ED2238AAB5C0021C67B /* AppDelegate.swift in Sources */,
				5747540923BA6A0400A4569B /* UserProfileViewController.swift in Sources */,
				5725DBF723910E5B000B5A60 /* FirebaseError.swift in Sources */,
				57AB2F06238AABED0021C67B /* PostModel.swift in Sources */,
				574753FD23B9DF9900A4569B /* GradientButton.swift in Sources */,
				5725DC01239298D2000B5A60 /* HomeTabViewController.swift in Sources */,
				574753E323B7923600A4569B /* ExTextField.swift in Sources */,
				5747541D23BE03AF00A4569B /* PortFolioTableViewCell.swift in Sources */,
				5747541723BDFBE300A4569B /* SkillListView.swift in Sources */,
				574753E723B79E2500A4569B /* AddThreadViewModel.swift in Sources */,
				5725DBED238F6710000B5A60 /* ThreadModel.swift in Sources */,
				5725DBFF2392987B000B5A60 /* HomeViewModel.swift in Sources */,
				57AB2F1A238BCD290021C67B /* ExNavigationController.swift in Sources */,
				57AB2ED4238AAB5C0021C67B /* SceneDelegate.swift in Sources */,
				5747540523BA55E100A4569B /* ThreadTableViewCell.swift in Sources */,
				574753F923B9C1E700A4569B /* PaddingTextField.swift in Sources */,
				5725DBF9239270AD000B5A60 /* UserRepository.swift in Sources */,
				574753E123B78CD200A4569B /* AddThreadViewController.swift in Sources */,
				57AB2F0A238AAEBB0021C67B /* HomeViewController.swift in Sources */,
				57AB2F10238AB5500021C67B /* PaddingLabel.swift in Sources */,
				5747541323BCC88300A4569B /* ExUIView.swift in Sources */,
				57AB2F14238AB6160021C67B /* RadiusLabel.swift in Sources */,
				5747541F23BE09B200A4569B /* DemoViewController.swift in Sources */,
				5747541923BDFC0F00A4569B /* IntroduceView.swift in Sources */,
				5747541523BDFB0A00A4569B /* ProfileListView.swift in Sources */,
				57AB2F0D238AB37F0021C67B /* ThreadThinTableViewCell.swift in Sources */,
				5747541123BCC33D00A4569B /* UserCommentViewController.swift in Sources */,
				5747540723BA565200A4569B /* ExTagListView.swift in Sources */,
				57AB2F1C238BCE000021C67B /* EllipseTableViewCell.swift in Sources */,
				57AB2F02238AABC50021C67B /* UserModel.swift in Sources */,
				5747540D23BCC26200A4569B /* UserTabMainViewController.swift in Sources */,
				574753EB23B7B9A600A4569B /* AddTagViewController.swift in Sources */,
				5725DBFD23927120000B5A60 /* PostRepository.swift in Sources */,
				574753F723B9931000A4569B /* TagTableViewCell.swift in Sources */,
				5725DC0723929D70000B5A60 /* ExReactive.swift in Sources */,
				574753DF23B7815300A4569B /* Const.swift in Sources */,
				5747541B23BDFCE600A4569B /* PortFolioView.swift in Sources */,
				574753FB23B9DB6C00A4569B /* ExUIColor.swift in Sources */,
				574753ED23B851B100A4569B /* AddTagViewModel.swift in Sources */,
			);
			runOnlyForDeploymentPostprocessing = 0;
		};
		57AB2EE0238AAB5E0021C67B /* Sources */ = {
			isa = PBXSourcesBuildPhase;
			buildActionMask = 2147483647;
			files = (
				57AB2EE9238AAB5E0021C67B /* DevConfAppTests.swift in Sources */,
			);
			runOnlyForDeploymentPostprocessing = 0;
		};
		57AB2EEB238AAB5E0021C67B /* Sources */ = {
			isa = PBXSourcesBuildPhase;
			buildActionMask = 2147483647;
			files = (
				57AB2EF4238AAB5E0021C67B /* DevConfAppUITests.swift in Sources */,
			);
			runOnlyForDeploymentPostprocessing = 0;
		};
/* End PBXSourcesBuildPhase section */

/* Begin PBXTargetDependency section */
		57AB2EE6238AAB5E0021C67B /* PBXTargetDependency */ = {
			isa = PBXTargetDependency;
			target = 57AB2ECD238AAB5C0021C67B /* DevConfApp */;
			targetProxy = 57AB2EE5238AAB5E0021C67B /* PBXContainerItemProxy */;
		};
		57AB2EF1238AAB5E0021C67B /* PBXTargetDependency */ = {
			isa = PBXTargetDependency;
			target = 57AB2ECD238AAB5C0021C67B /* DevConfApp */;
			targetProxy = 57AB2EF0238AAB5E0021C67B /* PBXContainerItemProxy */;
		};
/* End PBXTargetDependency section */

/* Begin PBXVariantGroup section */
		57AB2EDC238AAB5E0021C67B /* LaunchScreen.storyboard */ = {
			isa = PBXVariantGroup;
			children = (
				57AB2EDD238AAB5E0021C67B /* Base */,
			);
			name = LaunchScreen.storyboard;
			sourceTree = "<group>";
		};
/* End PBXVariantGroup section */

/* Begin XCBuildConfiguration section */
		57AB2EF6238AAB5E0021C67B /* Debug */ = {
			isa = XCBuildConfiguration;
			buildSettings = {
				ALWAYS_SEARCH_USER_PATHS = NO;
				CLANG_ANALYZER_NONNULL = YES;
				CLANG_ANALYZER_NUMBER_OBJECT_CONVERSION = YES_AGGRESSIVE;
				CLANG_CXX_LANGUAGE_STANDARD = "gnu++14";
				CLANG_CXX_LIBRARY = "libc++";
				CLANG_ENABLE_MODULES = YES;
				CLANG_ENABLE_OBJC_ARC = YES;
				CLANG_ENABLE_OBJC_WEAK = YES;
				CLANG_WARN_BLOCK_CAPTURE_AUTORELEASING = YES;
				CLANG_WARN_BOOL_CONVERSION = YES;
				CLANG_WARN_COMMA = YES;
				CLANG_WARN_CONSTANT_CONVERSION = YES;
				CLANG_WARN_DEPRECATED_OBJC_IMPLEMENTATIONS = YES;
				CLANG_WARN_DIRECT_OBJC_ISA_USAGE = YES_ERROR;
				CLANG_WARN_DOCUMENTATION_COMMENTS = YES;
				CLANG_WARN_EMPTY_BODY = YES;
				CLANG_WARN_ENUM_CONVERSION = YES;
				CLANG_WARN_INFINITE_RECURSION = YES;
				CLANG_WARN_INT_CONVERSION = YES;
				CLANG_WARN_NON_LITERAL_NULL_CONVERSION = YES;
				CLANG_WARN_OBJC_IMPLICIT_RETAIN_SELF = YES;
				CLANG_WARN_OBJC_LITERAL_CONVERSION = YES;
				CLANG_WARN_OBJC_ROOT_CLASS = YES_ERROR;
				CLANG_WARN_RANGE_LOOP_ANALYSIS = YES;
				CLANG_WARN_STRICT_PROTOTYPES = YES;
				CLANG_WARN_SUSPICIOUS_MOVE = YES;
				CLANG_WARN_UNGUARDED_AVAILABILITY = YES_AGGRESSIVE;
				CLANG_WARN_UNREACHABLE_CODE = YES;
				CLANG_WARN__DUPLICATE_METHOD_MATCH = YES;
				COPY_PHASE_STRIP = NO;
				DEBUG_INFORMATION_FORMAT = dwarf;
				ENABLE_STRICT_OBJC_MSGSEND = YES;
				ENABLE_TESTABILITY = YES;
				GCC_C_LANGUAGE_STANDARD = gnu11;
				GCC_DYNAMIC_NO_PIC = NO;
				GCC_NO_COMMON_BLOCKS = YES;
				GCC_OPTIMIZATION_LEVEL = 0;
				GCC_PREPROCESSOR_DEFINITIONS = (
					"DEBUG=1",
					"$(inherited)",
				);
				GCC_WARN_64_TO_32_BIT_CONVERSION = YES;
				GCC_WARN_ABOUT_RETURN_TYPE = YES_ERROR;
				GCC_WARN_UNDECLARED_SELECTOR = YES;
				GCC_WARN_UNINITIALIZED_AUTOS = YES_AGGRESSIVE;
				GCC_WARN_UNUSED_FUNCTION = YES;
				GCC_WARN_UNUSED_VARIABLE = YES;
				IPHONEOS_DEPLOYMENT_TARGET = 13.2;
				MTL_ENABLE_DEBUG_INFO = INCLUDE_SOURCE;
				MTL_FAST_MATH = YES;
				ONLY_ACTIVE_ARCH = YES;
				SDKROOT = iphoneos;
				SWIFT_ACTIVE_COMPILATION_CONDITIONS = DEBUG;
				SWIFT_OPTIMIZATION_LEVEL = "-Onone";
			};
			name = Debug;
		};
		57AB2EF7238AAB5E0021C67B /* Release */ = {
			isa = XCBuildConfiguration;
			buildSettings = {
				ALWAYS_SEARCH_USER_PATHS = NO;
				CLANG_ANALYZER_NONNULL = YES;
				CLANG_ANALYZER_NUMBER_OBJECT_CONVERSION = YES_AGGRESSIVE;
				CLANG_CXX_LANGUAGE_STANDARD = "gnu++14";
				CLANG_CXX_LIBRARY = "libc++";
				CLANG_ENABLE_MODULES = YES;
				CLANG_ENABLE_OBJC_ARC = YES;
				CLANG_ENABLE_OBJC_WEAK = YES;
				CLANG_WARN_BLOCK_CAPTURE_AUTORELEASING = YES;
				CLANG_WARN_BOOL_CONVERSION = YES;
				CLANG_WARN_COMMA = YES;
				CLANG_WARN_CONSTANT_CONVERSION = YES;
				CLANG_WARN_DEPRECATED_OBJC_IMPLEMENTATIONS = YES;
				CLANG_WARN_DIRECT_OBJC_ISA_USAGE = YES_ERROR;
				CLANG_WARN_DOCUMENTATION_COMMENTS = YES;
				CLANG_WARN_EMPTY_BODY = YES;
				CLANG_WARN_ENUM_CONVERSION = YES;
				CLANG_WARN_INFINITE_RECURSION = YES;
				CLANG_WARN_INT_CONVERSION = YES;
				CLANG_WARN_NON_LITERAL_NULL_CONVERSION = YES;
				CLANG_WARN_OBJC_IMPLICIT_RETAIN_SELF = YES;
				CLANG_WARN_OBJC_LITERAL_CONVERSION = YES;
				CLANG_WARN_OBJC_ROOT_CLASS = YES_ERROR;
				CLANG_WARN_RANGE_LOOP_ANALYSIS = YES;
				CLANG_WARN_STRICT_PROTOTYPES = YES;
				CLANG_WARN_SUSPICIOUS_MOVE = YES;
				CLANG_WARN_UNGUARDED_AVAILABILITY = YES_AGGRESSIVE;
				CLANG_WARN_UNREACHABLE_CODE = YES;
				CLANG_WARN__DUPLICATE_METHOD_MATCH = YES;
				COPY_PHASE_STRIP = NO;
				DEBUG_INFORMATION_FORMAT = "dwarf-with-dsym";
				ENABLE_NS_ASSERTIONS = NO;
				ENABLE_STRICT_OBJC_MSGSEND = YES;
				GCC_C_LANGUAGE_STANDARD = gnu11;
				GCC_NO_COMMON_BLOCKS = YES;
				GCC_WARN_64_TO_32_BIT_CONVERSION = YES;
				GCC_WARN_ABOUT_RETURN_TYPE = YES_ERROR;
				GCC_WARN_UNDECLARED_SELECTOR = YES;
				GCC_WARN_UNINITIALIZED_AUTOS = YES_AGGRESSIVE;
				GCC_WARN_UNUSED_FUNCTION = YES;
				GCC_WARN_UNUSED_VARIABLE = YES;
				IPHONEOS_DEPLOYMENT_TARGET = 13.2;
				MTL_ENABLE_DEBUG_INFO = NO;
				MTL_FAST_MATH = YES;
				SDKROOT = iphoneos;
				SWIFT_COMPILATION_MODE = wholemodule;
				SWIFT_OPTIMIZATION_LEVEL = "-O";
				VALIDATE_PRODUCT = YES;
			};
			name = Release;
		};
		57AB2EF9238AAB5E0021C67B /* Debug */ = {
			isa = XCBuildConfiguration;
			baseConfigurationReference = 0C07C1F17068AED47692E9E9 /* Pods-DevConfApp.debug.xcconfig */;
			buildSettings = {
				ASSETCATALOG_COMPILER_APPICON_NAME = AppIcon;
				CODE_SIGN_STYLE = Automatic;
				DEVELOPMENT_TEAM = GU9D57Q492;
				INFOPLIST_FILE = DevConfApp/Info.plist;
				IPHONEOS_DEPLOYMENT_TARGET = 13.1;
				LD_RUNPATH_SEARCH_PATHS = (
					"$(inherited)",
					"@executable_path/Frameworks",
				);
				PRODUCT_BUNDLE_IDENTIFIER = jp.tomoya.suzuki.DevConfApp;
				PRODUCT_NAME = "$(TARGET_NAME)";
				SWIFT_VERSION = 5.0;
				TARGETED_DEVICE_FAMILY = 1;
			};
			name = Debug;
		};
		57AB2EFA238AAB5E0021C67B /* Release */ = {
			isa = XCBuildConfiguration;
			baseConfigurationReference = 7C6FBF2DCE4D76C0058CE4FA /* Pods-DevConfApp.release.xcconfig */;
			buildSettings = {
				ASSETCATALOG_COMPILER_APPICON_NAME = AppIcon;
				CODE_SIGN_STYLE = Automatic;
				DEVELOPMENT_TEAM = GU9D57Q492;
				INFOPLIST_FILE = DevConfApp/Info.plist;
				IPHONEOS_DEPLOYMENT_TARGET = 13.1;
				LD_RUNPATH_SEARCH_PATHS = (
					"$(inherited)",
					"@executable_path/Frameworks",
				);
				PRODUCT_BUNDLE_IDENTIFIER = jp.tomoya.suzuki.DevConfApp;
				PRODUCT_NAME = "$(TARGET_NAME)";
				SWIFT_VERSION = 5.0;
				TARGETED_DEVICE_FAMILY = 1;
			};
			name = Release;
		};
		57AB2EFC238AAB5E0021C67B /* Debug */ = {
			isa = XCBuildConfiguration;
			baseConfigurationReference = 2548AAF322BF5091ABD59874 /* Pods-DevConfAppTests.debug.xcconfig */;
			buildSettings = {
				ALWAYS_EMBED_SWIFT_STANDARD_LIBRARIES = YES;
				BUNDLE_LOADER = "$(TEST_HOST)";
				CODE_SIGN_STYLE = Automatic;
				DEVELOPMENT_TEAM = GU9D57Q492;
				INFOPLIST_FILE = DevConfAppTests/Info.plist;
				IPHONEOS_DEPLOYMENT_TARGET = 13.2;
				LD_RUNPATH_SEARCH_PATHS = (
					"$(inherited)",
					"@executable_path/Frameworks",
					"@loader_path/Frameworks",
				);
				PRODUCT_BUNDLE_IDENTIFIER = jp.tomoya.suzuki.DevConfAppTests;
				PRODUCT_NAME = "$(TARGET_NAME)";
				SWIFT_VERSION = 5.0;
				TARGETED_DEVICE_FAMILY = "1,2";
				TEST_HOST = "$(BUILT_PRODUCTS_DIR)/DevConfApp.app/DevConfApp";
			};
			name = Debug;
		};
		57AB2EFD238AAB5E0021C67B /* Release */ = {
			isa = XCBuildConfiguration;
			baseConfigurationReference = 4F7B1CC109CD3332DA2B5B2A /* Pods-DevConfAppTests.release.xcconfig */;
			buildSettings = {
				ALWAYS_EMBED_SWIFT_STANDARD_LIBRARIES = YES;
				BUNDLE_LOADER = "$(TEST_HOST)";
				CODE_SIGN_STYLE = Automatic;
				DEVELOPMENT_TEAM = GU9D57Q492;
				INFOPLIST_FILE = DevConfAppTests/Info.plist;
				IPHONEOS_DEPLOYMENT_TARGET = 13.2;
				LD_RUNPATH_SEARCH_PATHS = (
					"$(inherited)",
					"@executable_path/Frameworks",
					"@loader_path/Frameworks",
				);
				PRODUCT_BUNDLE_IDENTIFIER = jp.tomoya.suzuki.DevConfAppTests;
				PRODUCT_NAME = "$(TARGET_NAME)";
				SWIFT_VERSION = 5.0;
				TARGETED_DEVICE_FAMILY = "1,2";
				TEST_HOST = "$(BUILT_PRODUCTS_DIR)/DevConfApp.app/DevConfApp";
			};
			name = Release;
		};
		57AB2EFF238AAB5E0021C67B /* Debug */ = {
			isa = XCBuildConfiguration;
			baseConfigurationReference = 9EA460D6E974C3C7F2646B95 /* Pods-DevConfAppUITests.debug.xcconfig */;
			buildSettings = {
				ALWAYS_EMBED_SWIFT_STANDARD_LIBRARIES = YES;
				CODE_SIGN_STYLE = Automatic;
				DEVELOPMENT_TEAM = GU9D57Q492;
				INFOPLIST_FILE = DevConfAppUITests/Info.plist;
				LD_RUNPATH_SEARCH_PATHS = (
					"$(inherited)",
					"@executable_path/Frameworks",
					"@loader_path/Frameworks",
				);
				PRODUCT_BUNDLE_IDENTIFIER = jp.tomoya.suzuki.DevConfAppUITests;
				PRODUCT_NAME = "$(TARGET_NAME)";
				SWIFT_VERSION = 5.0;
				TARGETED_DEVICE_FAMILY = "1,2";
				TEST_TARGET_NAME = DevConfApp;
			};
			name = Debug;
		};
		57AB2F00238AAB5E0021C67B /* Release */ = {
			isa = XCBuildConfiguration;
			baseConfigurationReference = FF2E85E800AD29104B7B27C2 /* Pods-DevConfAppUITests.release.xcconfig */;
			buildSettings = {
				ALWAYS_EMBED_SWIFT_STANDARD_LIBRARIES = YES;
				CODE_SIGN_STYLE = Automatic;
				DEVELOPMENT_TEAM = GU9D57Q492;
				INFOPLIST_FILE = DevConfAppUITests/Info.plist;
				LD_RUNPATH_SEARCH_PATHS = (
					"$(inherited)",
					"@executable_path/Frameworks",
					"@loader_path/Frameworks",
				);
				PRODUCT_BUNDLE_IDENTIFIER = jp.tomoya.suzuki.DevConfAppUITests;
				PRODUCT_NAME = "$(TARGET_NAME)";
				SWIFT_VERSION = 5.0;
				TARGETED_DEVICE_FAMILY = "1,2";
				TEST_TARGET_NAME = DevConfApp;
			};
			name = Release;
		};
/* End XCBuildConfiguration section */

/* Begin XCConfigurationList section */
		57AB2EC9238AAB5C0021C67B /* Build configuration list for PBXProject "DevConfApp" */ = {
			isa = XCConfigurationList;
			buildConfigurations = (
				57AB2EF6238AAB5E0021C67B /* Debug */,
				57AB2EF7238AAB5E0021C67B /* Release */,
			);
			defaultConfigurationIsVisible = 0;
			defaultConfigurationName = Release;
		};
		57AB2EF8238AAB5E0021C67B /* Build configuration list for PBXNativeTarget "DevConfApp" */ = {
			isa = XCConfigurationList;
			buildConfigurations = (
				57AB2EF9238AAB5E0021C67B /* Debug */,
				57AB2EFA238AAB5E0021C67B /* Release */,
			);
			defaultConfigurationIsVisible = 0;
			defaultConfigurationName = Release;
		};
		57AB2EFB238AAB5E0021C67B /* Build configuration list for PBXNativeTarget "DevConfAppTests" */ = {
			isa = XCConfigurationList;
			buildConfigurations = (
				57AB2EFC238AAB5E0021C67B /* Debug */,
				57AB2EFD238AAB5E0021C67B /* Release */,
			);
			defaultConfigurationIsVisible = 0;
			defaultConfigurationName = Release;
		};
		57AB2EFE238AAB5E0021C67B /* Build configuration list for PBXNativeTarget "DevConfAppUITests" */ = {
			isa = XCConfigurationList;
			buildConfigurations = (
				57AB2EFF238AAB5E0021C67B /* Debug */,
				57AB2F00238AAB5E0021C67B /* Release */,
			);
			defaultConfigurationIsVisible = 0;
			defaultConfigurationName = Release;
		};
/* End XCConfigurationList section */
	};
	rootObject = 57AB2EC6238AAB5C0021C67B /* Project object */;
}
